
Microsoft Visual Studio Solution File, Format Version 12.00
# Visual Studio Version 17
VisualStudioVersion = 17.11.35327.3
MinimumVisualStudioVersion = 10.0.40219.1
Project("{9A19103F-16F7-4668-BE54-9A1E7A4F7556}") = "WinForms", "WinForms\WinForms.csproj", "{1EB5D29B-416B-4F2C-B16C-B9832A93E11D}"
EndProject
Project("{FAE04EC0-301F-11D3-BF4B-00C04F79EFBC}") = "Domen", "Domen\Domen.csproj", "{AC588706-3FAB-4A54-A24F-4CBFDF7778E6}"
EndProject
Global
	GlobalSection(SolutionConfigurationPlatforms) = preSolution
		Debug|Any CPU = Debug|Any CPU
		Release|Any CPU = Release|Any CPU
	EndGlobalSection
	GlobalSection(ProjectConfigurationPlatforms) = postSolution
		{1EB5D29B-416B-4F2C-B16C-B9832A93E11D}.Debug|Any CPU.ActiveCfg = Debug|Any CPU
		{1EB5D29B-416B-4F2C-B16C-B9832A93E11D}.Debug|Any CPU.Build.0 = Debug|Any CPU
		{1EB5D29B-416B-4F2C-B16C-B9832A93E11D}.Release|Any CPU.ActiveCfg = Release|Any CPU
		{1EB5D29B-416B-4F2C-B16C-B9832A93E11D}.Release|Any CPU.Build.0 = Release|Any CPU
		{AC588706-3FAB-4A54-A24F-4CBFDF7778E6}.Debug|Any CPU.ActiveCfg = Debug|Any CPU
		{AC588706-3FAB-4A54-A24F-4CBFDF7778E6}.Debug|Any CPU.Build.0 = Debug|Any CPU
		{AC588706-3FAB-4A54-A24F-4CBFDF7778E6}.Release|Any CPU.ActiveCfg = Release|Any CPU
		{AC588706-3FAB-4A54-A24F-4CBFDF7778E6}.Release|Any CPU.Build.0 = Release|Any CPU
	EndGlobalSection
	GlobalSection(SolutionProperties) = preSolution
		HideSolutionNode = FALSE
	EndGlobalSection
	GlobalSection(ExtensibilityGlobals) = postSolution
		SolutionGuid = {7517686A-CD40-48F3-85DC-CA4121366CC3}
	EndGlobalSection
EndGlobal
